
Microsoft Visual Studio Solution File, Format Version 12.00
# Visual Studio Version 16
VisualStudioVersion = 16.0.31515.178
MinimumVisualStudioVersion = 10.0.40219.1
Project("{FAE04EC0-301F-11D3-BF4B-00C04F79EFBC}") = "Vigenerio", "Vigenerio\Vigenerio.csproj", "{117F9914-FD0E-4528-95B0-50F6102CF173}"
EndProject
Global
	GlobalSection(SolutionConfigurationPlatforms) = preSolution
		Debug|Any CPU = Debug|Any CPU
		Release|Any CPU = Release|Any CPU
	EndGlobalSection
	GlobalSection(ProjectConfigurationPlatforms) = postSolution
		{117F9914-FD0E-4528-95B0-50F6102CF173}.Debug|Any CPU.ActiveCfg = Debug|Any CPU
		{117F9914-FD0E-4528-95B0-50F6102CF173}.Debug|Any CPU.Build.0 = Debug|Any CPU
		{117F9914-FD0E-4528-95B0-50F6102CF173}.Release|Any CPU.ActiveCfg = Release|Any CPU
		{117F9914-FD0E-4528-95B0-50F6102CF173}.Release|Any CPU.Build.0 = Release|Any CPU
	EndGlobalSection
	GlobalSection(SolutionProperties) = preSolution
		HideSolutionNode = FALSE
	EndGlobalSection
	GlobalSection(ExtensibilityGlobals) = postSolution
		SolutionGuid = {1DA869C0-69B6-47DC-A3A2-75FD9A683EA5}
	EndGlobalSection
EndGlobal
